
Microsoft Visual Studio Solution File, Format Version 12.00
# Visual Studio Version 17
VisualStudioVersion = 17.1.32319.34
MinimumVisualStudioVersion = 10.0.40219.1
Project("{FAE04EC0-301F-11D3-BF4B-00C04F79EFBC}") = "TemplateMethodDp", "TemplateMethodDp\TemplateMethodDp.csproj", "{A69571E6-1298-4955-B026-1DC233201B23}"
EndProject
Global
	GlobalSection(SolutionConfigurationPlatforms) = preSolution
		Debug|Any CPU = Debug|Any CPU
		Release|Any CPU = Release|Any CPU
	EndGlobalSection
	GlobalSection(ProjectConfigurationPlatforms) = postSolution
		{A69571E6-1298-4955-B026-1DC233201B23}.Debug|Any CPU.ActiveCfg = Debug|Any CPU
		{A69571E6-1298-4955-B026-1DC233201B23}.Debug|Any CPU.Build.0 = Debug|Any CPU
		{A69571E6-1298-4955-B026-1DC233201B23}.Release|Any CPU.ActiveCfg = Release|Any CPU
		{A69571E6-1298-4955-B026-1DC233201B23}.Release|Any CPU.Build.0 = Release|Any CPU
	EndGlobalSection
	GlobalSection(SolutionProperties) = preSolution
		HideSolutionNode = FALSE
	EndGlobalSection
	GlobalSection(ExtensibilityGlobals) = postSolution
		SolutionGuid = {87DD4A49-4378-47DD-89DF-4EAFE9C8CEB3}
	EndGlobalSection
EndGlobal
